<?xml version="1.0" encoding="utf-8"?>
<Project ToolsVersion="4.0" xmlns="http://schemas.microsoft.com/developer/msbuild/2003">
  <ItemGroup>
    <Filter Include="源文件">
      <UniqueIdentifier>{4FC737F1-C7A5-4376-A066-2A32D752A2FF}</UniqueIdentifier>
      <Extensions>cpp;c;cc;cxx;def;odl;idl;hpj;bat;asm;asmx</Extensions>
    </Filter>
    <Filter Include="头文件">
      <UniqueIdentifier>{93995380-89BD-4b04-88EB-625FBE52EBFB}</UniqueIdentifier>
      <Extensions>h;hh;hpp;hxx;hm;inl;inc;xsd</Extensions>
    </Filter>
    <Filter Include="资源文件">
      <UniqueIdentifier>{67DA6AB6-F800-4c08-8B7A-83BB121AAD01}</UniqueIdentifier>
      <Extensions>rc;ico;cur;bmp;dlg;rc2;rct;bin;rgs;gif;jpg;jpeg;jpe;resx;tiff;tif;png;wav;mfcribbon-ms</Extensions>
    </Filter>
  </ItemGroup>
  <ItemGroup>
    <Text Include="ReadMe.txt" />
  </ItemGroup>
  <ItemGroup>
    <ClInclude Include="stdafx.h">
      <Filter>头文件</Filter>
    </ClInclude>
    <ClInclude Include="targetver.h">
      <Filter>头文件</Filter>
    </ClInclude>
    <ClInclude Include="Resource.h">
      <Filter>头文件</Filter>
    </ClInclude>
    <ClInclude Include="WordCardDemo.h">
      <Filter>头文件</Filter>
    </ClInclude>
    <ClInclude Include="WordCardData.h">
      <Filter>头文件</Filter>
    </ClInclude>
    <ClInclude Include="WordCardMain.h">
      <Filter>头文件</Filter>
    </ClInclude>
    <ClInclude Include="UIListCommonDefine.hpp">
      <Filter>头文件</Filter>
    </ClInclude>
    <ClInclude Include="WordCardList.h">
      <Filter>头文件</Filter>
    </ClInclude>
    <ClInclude Include="DlgSlidingShow.h">
      <Filter>头文件</Filter>
    </ClInclude>
    <ClInclude Include="XmlWnd.h">
      <Filter>头文件</Filter>
    </ClInclude>
    <ClInclude Include="ThreadManager.h">
      <Filter>头文件</Filter>
    </ClInclude>
    <ClInclude Include="constDefine_BusinessLayer.h">
      <Filter>头文件</Filter>
    </ClInclude>
    <ClInclude Include="SS_Log_Include.h">
      <Filter>头文件</Filter>
    </ClInclude>
    <ClInclude Include="SS_Log.h">
      <Filter>头文件</Filter>
    </ClInclude>
    <ClInclude Include="SS_RegistryKey.h">
      <Filter>头文件</Filter>
    </ClInclude>
    <ClInclude Include="WordCardSlidingDlg.h">
      <Filter>头文件</Filter>
    </ClInclude>
    <ClInclude Include="WordCardMemoryFunc.h">
      <Filter>头文件</Filter>
    </ClInclude>
    <ClInclude Include="WordCardHintShow.h">
      <Filter>头文件</Filter>
    </ClInclude>
  </ItemGroup>
  <ItemGroup>
    <ClCompile Include="stdafx.cpp">
      <Filter>源文件</Filter>
    </ClCompile>
    <ClCompile Include="WordCardDemo.cpp">
      <Filter>源文件</Filter>
    </ClCompile>
    <ClCompile Include="WordCardData.cpp">
      <Filter>源文件</Filter>
    </ClCompile>
    <ClCompile Include="WordCardMain.cpp">
      <Filter>源文件</Filter>
    </ClCompile>
    <ClCompile Include="UIListCommonDefine.cpp">
      <Filter>源文件</Filter>
    </ClCompile>
    <ClCompile Include="WordCardList.cpp">
      <Filter>源文件</Filter>
    </ClCompile>
    <ClCompile Include="DlgSlidingShow.cpp">
      <Filter>源文件</Filter>
    </ClCompile>
    <ClCompile Include="XmlWnd.cpp">
      <Filter>源文件</Filter>
    </ClCompile>
    <ClCompile Include="ThreadManager.cpp">
      <Filter>源文件</Filter>
    </ClCompile>
    <ClCompile Include="SS_Log_Include.cpp">
      <Filter>源文件</Filter>
    </ClCompile>
    <ClCompile Include="SS_Log.cpp">
      <Filter>源文件</Filter>
    </ClCompile>
    <ClCompile Include="SS_RegistryKey.cpp">
      <Filter>源文件</Filter>
    </ClCompile>
    <ClCompile Include="WordCardSlidingDlg.cpp">
      <Filter>源文件</Filter>
    </ClCompile>
    <ClCompile Include="WordCardMemoryFunc.cpp">
      <Filter>源文件</Filter>
    </ClCompile>
    <ClCompile Include="WordCardHintShow.cpp">
      <Filter>源文件</Filter>
    </ClCompile>
  </ItemGroup>
  <ItemGroup>
    <ResourceCompile Include="WordCardDemo.rc">
      <Filter>资源文件</Filter>
    </ResourceCompile>
  </ItemGroup>
  <ItemGroup>
    <Image Include="small.ico">
      <Filter>资源文件</Filter>
    </Image>
    <Image Include="WordCardDemo.ico">
      <Filter>资源文件</Filter>
    </Image>
  </ItemGroup>
</Project>